
Microsoft Visual Studio Solution File, Format Version 12.00
# Visual Studio 2013
VisualStudioVersion = 12.0.30501.0
MinimumVisualStudioVersion = 10.0.40219.1
Project("{E24C65DC-7377-472B-9ABA-BC803B73C61A}") = "UI(1)", "http://localhost:4106", "{EA2BC4D2-C248-460C-BC4D-8E746F0C141F}"
	ProjectSection(WebsiteProperties) = preProject
		UseIISExpress = "true"
		TargetFrameworkMoniker = ".NETFramework,Version%3Dv4.0"
		Debug.AspNetCompiler.VirtualPath = "/localhost_4106"
		Debug.AspNetCompiler.PhysicalPath = "UI\"
		Debug.AspNetCompiler.TargetPath = "PrecompiledWeb\localhost_4106\"
		Debug.AspNetCompiler.Updateable = "true"
		Debug.AspNetCompiler.ForceOverwrite = "true"
		Debug.AspNetCompiler.FixedNames = "false"
		Debug.AspNetCompiler.Debug = "True"
		Release.AspNetCompiler.VirtualPath = "/localhost_4106"
		Release.AspNetCompiler.PhysicalPath = "UI\"
		Release.AspNetCompiler.TargetPath = "PrecompiledWeb\localhost_4106\"
		Release.AspNetCompiler.Updateable = "true"
		Release.AspNetCompiler.ForceOverwrite = "true"
		Release.AspNetCompiler.FixedNames = "false"
		Release.AspNetCompiler.Debug = "False"
		SlnRelativePath = "UI\"
	EndProjectSection
EndProject
Project("{E24C65DC-7377-472B-9ABA-BC803B73C61A}") = "API(1)", "http://localhost:61117", "{27200B94-DE51-4D01-A7A2-A9EFE4E51D5E}"
	ProjectSection(WebsiteProperties) = preProject
		UseIISExpress = "true"
		TargetFrameworkMoniker = ".NETFramework,Version%3Dv4.0"
		Debug.AspNetCompiler.VirtualPath = "/localhost_61117"
		Debug.AspNetCompiler.PhysicalPath = "API\"
		Debug.AspNetCompiler.TargetPath = "PrecompiledWeb\localhost_61117\"
		Debug.AspNetCompiler.Updateable = "true"
		Debug.AspNetCompiler.ForceOverwrite = "true"
		Debug.AspNetCompiler.FixedNames = "false"
		Debug.AspNetCompiler.Debug = "True"
		Release.AspNetCompiler.VirtualPath = "/localhost_61117"
		Release.AspNetCompiler.PhysicalPath = "API\"
		Release.AspNetCompiler.TargetPath = "PrecompiledWeb\localhost_61117\"
		Release.AspNetCompiler.Updateable = "true"
		Release.AspNetCompiler.ForceOverwrite = "true"
		Release.AspNetCompiler.FixedNames = "false"
		Release.AspNetCompiler.Debug = "False"
		SlnRelativePath = "API\"
	EndProjectSection
EndProject
Global
	GlobalSection(SolutionConfigurationPlatforms) = preSolution
		Debug|Any CPU = Debug|Any CPU
		Debug|x86 = Debug|x86
		Release|Any CPU = Release|Any CPU
		Release|x86 = Release|x86
	EndGlobalSection
	GlobalSection(ProjectConfigurationPlatforms) = postSolution
		{EA2BC4D2-C248-460C-BC4D-8E746F0C141F}.Debug|Any CPU.ActiveCfg = Debug|Any CPU
		{EA2BC4D2-C248-460C-BC4D-8E746F0C141F}.Debug|Any CPU.Build.0 = Debug|Any CPU
		{EA2BC4D2-C248-460C-BC4D-8E746F0C141F}.Debug|x86.ActiveCfg = Debug|Any CPU
		{EA2BC4D2-C248-460C-BC4D-8E746F0C141F}.Release|Any CPU.ActiveCfg = Debug|Any CPU
		{EA2BC4D2-C248-460C-BC4D-8E746F0C141F}.Release|Any CPU.Build.0 = Debug|Any CPU
		{EA2BC4D2-C248-460C-BC4D-8E746F0C141F}.Release|x86.ActiveCfg = Debug|Any CPU
		{27200B94-DE51-4D01-A7A2-A9EFE4E51D5E}.Debug|Any CPU.ActiveCfg = Debug|Any CPU
		{27200B94-DE51-4D01-A7A2-A9EFE4E51D5E}.Debug|Any CPU.Build.0 = Debug|Any CPU
		{27200B94-DE51-4D01-A7A2-A9EFE4E51D5E}.Debug|x86.ActiveCfg = Debug|Any CPU
		{27200B94-DE51-4D01-A7A2-A9EFE4E51D5E}.Release|Any CPU.ActiveCfg = Debug|Any CPU
		{27200B94-DE51-4D01-A7A2-A9EFE4E51D5E}.Release|Any CPU.Build.0 = Debug|Any CPU
		{27200B94-DE51-4D01-A7A2-A9EFE4E51D5E}.Release|x86.ActiveCfg = Debug|Any CPU
	EndGlobalSection
	GlobalSection(SolutionProperties) = preSolution
		HideSolutionNode = FALSE
	EndGlobalSection
EndGlobal
